// !$*UTF8*$!
{
	archiveVersion = 1;
	classes = {
	};
	objectVersion = 46;
	objects = {

/* Begin PBXBuildFile section */
		5BB8486F1D4F971600815404 /* AppDelegate.swift in Sources */ = {isa = PBXBuildFile; fileRef = 5BB8486E1D4F971600815404 /* AppDelegate.swift */; };
		5BB848711D4F971600815404 /* ViewController.swift in Sources */ = {isa = PBXBuildFile; fileRef = 5BB848701D4F971600815404 /* ViewController.swift */; };
		5BB848741D4F971600815404 /* Main.storyboard in Resources */ = {isa = PBXBuildFile; fileRef = 5BB848721D4F971600815404 /* Main.storyboard */; };
		5BB848761D4F971600815404 /* Assets.xcassets in Resources */ = {isa = PBXBuildFile; fileRef = 5BB848751D4F971600815404 /* Assets.xcassets */; };
		5BB848791D4F971600815404 /* LaunchScreen.storyboard in Resources */ = {isa = PBXBuildFile; fileRef = 5BB848771D4F971600815404 /* LaunchScreen.storyboard */; };
/* End PBXBuildFile section */

/* Begin PBXFileReference section */
		5BB8486B1D4F971600815404 /* LoveFinder1.app */ = {isa = PBXFileReference; explicitFileType = wrapper.application; includeInIndex = 0; path = LoveFinder1.app; sourceTree = BUILT_PRODUCTS_DIR; };
		5BB8486E1D4F971600815404 /* AppDelegate.swift */ = {isa = PBXFileReference; lastKnownFileType = sourcecode.swift; path = AppDelegate.swift; sourceTree = "<group>"; };
		5BB848701D4F971600815404 /* ViewController.swift */ = {isa = PBXFileReference; lastKnownFileType = sourcecode.swift; path = ViewController.swift; sourceTree = "<group>"; };
		5BB848731D4F971600815404 /* Base */ = {isa = PBXFileReference; lastKnownFileType = file.storyboard; name = Base; path = Base.lproj/Main.storyboard; sourceTree = "<group>"; };
		5BB848751D4F971600815404 /* Assets.xcassets */ = {isa = PBXFileReference; lastKnownFileType = folder.assetcatalog; path = Assets.xcassets; sourceTree = "<group>"; };
		5BB848781D4F971600815404 /* Base */ = {isa = PBXFileReference; lastKnownFileType = file.storyboard; name = Base; path = Base.lproj/LaunchScreen.storyboard; sourceTree = "<group>"; };
		5BB8487A1D4F971600815404 /* Info.plist */ = {isa = PBXFileReference; lastKnownFileType = text.plist.xml; path = Info.plist; sourceTree = "<group>"; };
/* End PBXFileReference section */

/* Begin PBXFrameworksBuildPhase section */
		5BB848681D4F971600815404 /* Frameworks */ = {
			isa = PBXFrameworksBuildPhase;
			buildActionMask = 2147483647;
			files = (
			);
			runOnlyForDeploymentPostprocessing = 0;
		};
/* End PBXFrameworksBuildPhase section */

/* Begin PBXGroup section */
		5BB848621D4F971600815404 = {
			isa = PBXGroup;
			children = (
				5BB8486D1D4F971600815404 /* LoveFinder1 */,
				5BB8486C1D4F971600815404 /* Products */,
			);
			sourceTree = "<group>";
		};
		5BB8486C1D4F971600815404 /* Products */ = {
			isa = PBXGroup;
			children = (
				5BB8486B1D4F971600815404 /* LoveFinder1.app */,
			);
			name = Products;
			sourceTree = "<group>";
		};
		5BB8486D1D4F971600815404 /* LoveFinder1 */ = {
			isa = PBXGroup;
			children = (
				5BB8486E1D4F971600815404 /* AppDelegate.swift */,
				5BB848701D4F971600815404 /* ViewController.swift */,
				5BB848721D4F971600815404 /* Main.storyboard */,
				5BB848751D4F971600815404 /* Assets.xcassets */,
				5BB848771D4F971600815404 /* LaunchScreen.storyboard */,
				5BB8487A1D4F971600815404 /* Info.plist */,
			);
			path = LoveFinder1;
			sourceTree = "<group>";
		};
/* End PBXGroup section */

/* Begin PBXNativeTarget section */
		5BB8486A1D4F971600815404 /* LoveFinder1 */ = {
			isa = PBXNativeTarget;
			buildConfigurationList = 5BB8487D1D4F971600815404 /* Build configuration list for PBXNativeTarget "LoveFinder1" */;
			buildPhases = (
				5BB848671D4F971600815404 /* Sources */,
				5BB848681D4F971600815404 /* Frameworks */,
				5BB848691D4F971600815404 /* Resources */,
			);
			buildRules = (
			);
			dependencies = (
			);
			name = LoveFinder1;
			productName = LoveFinder1;
			productReference = 5BB8486B1D4F971600815404 /* LoveFinder1.app */;
			productType = "com.apple.product-type.application";
		};
/* End PBXNativeTarget section */

/* Begin PBXProject section */
		5BB848631D4F971600815404 /* Project object */ = {
			isa = PBXProject;
			attributes = {
				LastUpgradeCheck = 0710;
				ORGANIZATIONNAME = yzy;
				TargetAttributes = {
					5BB8486A1D4F971600815404 = {
						CreatedOnToolsVersion = 7.1;
					};
				};
			};
			buildConfigurationList = 5BB848661D4F971600815404 /* Build configuration list for PBXProject "LoveFinder1" */;
			compatibilityVersion = "Xcode 3.2";
			developmentRegion = English;
			hasScannedForEncodings = 0;
			knownRegions = (
				en,
				Base,
			);
			mainGroup = 5BB848621D4F971600815404;
			productRefGroup = 5BB8486C1D4F971600815404 /* Products */;
			projectDirPath = "";
			projectRoot = "";
			targets = (
				5BB8486A1D4F971600815404 /* LoveFinder1 */,
			);
		};
/* End PBXProject section */

/* Begin PBXResourcesBuildPhase section */
		5BB848691D4F971600815404 /* Resources */ = {
			isa = PBXResourcesBuildPhase;
			buildActionMask = 2147483647;
			files = (
				5BB848791D4F971600815404 /* LaunchScreen.storyboard in Resources */,
				5BB848761D4F971600815404 /* Assets.xcassets in Resources */,
				5BB848741D4F971600815404 /* Main.storyboard in Resources */,
			);
			runOnlyForDeploymentPostprocessing = 0;
		};
/* End PBXResourcesBuildPhase section */

/* Begin PBXSourcesBuildPhase section */
		5BB848671D4F971600815404 /* Sources */ = {
			isa = PBXSourcesBuildPhase;
			buildActionMask = 2147483647;
			files = (
				5BB848711D4F971600815404 /* ViewController.swift in Sources */,
				5BB8486F1D4F971600815404 /* AppDelegate.swift in Sources */,
			);
			runOnlyForDeploymentPostprocessing = 0;
		};
/* End PBXSourcesBuildPhase section */

/* Begin PBXVariantGroup section */
		5BB848721D4F971600815404 /* Main.storyboard */ = {
			isa = PBXVariantGroup;
			children = (
				5BB848731D4F971600815404 /* Base */,
			);
			name = Main.storyboard;
			sourceTree = "<group>";
		};
		5BB848771D4F971600815404 /* LaunchScreen.storyboard */ = {
			isa = PBXVariantGroup;
			children = (
				5BB848781D4F971600815404 /* Base */,
			);
			name = LaunchScreen.storyboard;
			sourceTree = "<group>";
		};
/* End PBXVariantGroup section */

/* Begin XCBuildConfiguration section */
		5BB8487B1D4F971600815404 /* Debug */ = {
			isa = XCBuildConfiguration;
			buildSettings = {
				ALWAYS_SEARCH_USER_PATHS = NO;
				CLANG_CXX_LANGUAGE_STANDARD = "gnu++0x";
				CLANG_CXX_LIBRARY = "libc++";
				CLANG_ENABLE_MODULES = YES;
				CLANG_ENABLE_OBJC_ARC = YES;
				CLANG_WARN_BOOL_CONVERSION = YES;
				CLANG_WARN_CONSTANT_CONVERSION = YES;
				CLANG_WARN_DIRECT_OBJC_ISA_USAGE = YES_ERROR;
				CLANG_WARN_EMPTY_BODY = YES;
				CLANG_WARN_ENUM_CONVERSION = YES;
				CLANG_WARN_INT_CONVERSION = YES;
				CLANG_WARN_OBJC_ROOT_CLASS = YES_ERROR;
				CLANG_WARN_UNREACHABLE_CODE = YES;
				CLANG_WARN__DUPLICATE_METHOD_MATCH = YES;
				"CODE_SIGN_IDENTITY[sdk=iphoneos*]" = "iPhone Developer";
				COPY_PHASE_STRIP = NO;
				DEBUG_INFORMATION_FORMAT = dwarf;
				ENABLE_STRICT_OBJC_MSGSEND = YES;
				ENABLE_TESTABILITY = YES;
				GCC_C_LANGUAGE_STANDARD = gnu99;
				GCC_DYNAMIC_NO_PIC = NO;
				GCC_NO_COMMON_BLOCKS = YES;
				GCC_OPTIMIZATION_LEVEL = 0;
				GCC_PREPROCESSOR_DEFINITIONS = (
					"DEBUG=1",
					"$(inherited)",
				);
				GCC_WARN_64_TO_32_BIT_CONVERSION = YES;
				GCC_WARN_ABOUT_RETURN_TYPE = YES_ERROR;
				GCC_WARN_UNDECLARED_SELECTOR = YES;
				GCC_WARN_UNINITIALIZED_AUTOS = YES_AGGRESSIVE;
				GCC_WARN_UNUSED_FUNCTION = YES;
				GCC_WARN_UNUSED_VARIABLE = YES;
				IPHONEOS_DEPLOYMENT_TARGET = 9.1;
				MTL_ENABLE_DEBUG_INFO = YES;
				ONLY_ACTIVE_ARCH = YES;
				SDKROOT = iphoneos;
				SWIFT_OPTIMIZATION_LEVEL = "-Onone";
				TARGETED_DEVICE_FAMILY = "1,2";
			};
			name = Debug;
		};
		5BB8487C1D4F971600815404 /* Release */ = {
			isa = XCBuildConfiguration;
			buildSettings = {
				ALWAYS_SEARCH_USER_PATHS = NO;
				CLANG_CXX_LANGUAGE_STANDARD = "gnu++0x";
				CLANG_CXX_LIBRARY = "libc++";
				CLANG_ENABLE_MODULES = YES;
				CLANG_ENABLE_OBJC_ARC = YES;
				CLANG_WARN_BOOL_CONVERSION = YES;
				CLANG_WARN_CONSTANT_CONVERSION = YES;
				CLANG_WARN_DIRECT_OBJC_ISA_USAGE = YES_ERROR;
				CLANG_WARN_EMPTY_BODY = YES;
				CLANG_WARN_ENUM_CONVERSION = YES;
				CLANG_WARN_INT_CONVERSION = YES;
				CLANG_WARN_OBJC_ROOT_CLASS = YES_ERROR;
				CLANG_WARN_UNREACHABLE_CODE = YES;
				CLANG_WARN__DUPLICATE_METHOD_MATCH = YES;
				"CODE_SIGN_IDENTITY[sdk=iphoneos*]" = "iPhone Developer";
				COPY_PHASE_STRIP = NO;
				DEBUG_INFORMATION_FORMAT = "dwarf-with-dsym";
				ENABLE_NS_ASSERTIONS = NO;
				ENABLE_STRICT_OBJC_MSGSEND = YES;
				GCC_C_LANGUAGE_STANDARD = gnu99;
				GCC_NO_COMMON_BLOCKS = YES;
				GCC_WARN_64_TO_32_BIT_CONVERSION = YES;
				GCC_WARN_ABOUT_RETURN_TYPE = YES_ERROR;
				GCC_WARN_UNDECLARED_SELECTOR = YES;
				GCC_WARN_UNINITIALIZED_AUTOS = YES_AGGRESSIVE;
				GCC_WARN_UNUSED_FUNCTION = YES;
				GCC_WARN_UNUSED_VARIABLE = YES;
				IPHONEOS_DEPLOYMENT_TARGET = 9.1;
				MTL_ENABLE_DEBUG_INFO = NO;
				SDKROOT = iphoneos;
				TARGETED_DEVICE_FAMILY = "1,2";
				VALIDATE_PRODUCT = YES;
			};
			name = Release;
		};
		5BB8487E1D4F971600815404 /* Debug */ = {
			isa = XCBuildConfiguration;
			buildSettings = {
				ASSETCATALOG_COMPILER_APPICON_NAME = AppIcon;
				INFOPLIST_FILE = LoveFinder1/Info.plist;
				LD_RUNPATH_SEARCH_PATHS = "$(inherited) @executable_path/Frameworks";
				PRODUCT_BUNDLE_IDENTIFIER = gavin.LoveFinder1;
				PRODUCT_NAME = "$(TARGET_NAME)";
			};
			name = Debug;
		};
		5BB8487F1D4F971600815404 /* Release */ = {
			isa = XCBuildConfiguration;
			buildSettings = {
				ASSETCATALOG_COMPILER_APPICON_NAME = AppIcon;
				INFOPLIST_FILE = LoveFinder1/Info.plist;
				LD_RUNPATH_SEARCH_PATHS = "$(inherited) @executable_path/Frameworks";
				PRODUCT_BUNDLE_IDENTIFIER = gavin.LoveFinder1;
				PRODUCT_NAME = "$(TARGET_NAME)";
			};
			name = Release;
		};
/* End XCBuildConfiguration section */

/* Begin XCConfigurationList section */
		5BB848661D4F971600815404 /* Build configuration list for PBXProject "LoveFinder1" */ = {
			isa = XCConfigurationList;
			buildConfigurations = (
				5BB8487B1D4F971600815404 /* Debug */,
				5BB8487C1D4F971600815404 /* Release */,
			);
			defaultConfigurationIsVisible = 0;
			defaultConfigurationName = Release;
		};
		5BB8487D1D4F971600815404 /* Build configuration list for PBXNativeTarget "LoveFinder1" */ = {
			isa = XCConfigurationList;
			buildConfigurations = (
				5BB8487E1D4F971600815404 /* Debug */,
				5BB8487F1D4F971600815404 /* Release */,
			);
			defaultConfigurationIsVisible = 0;
		};
/* End XCConfigurationList section */
	};
	rootObject = 5BB848631D4F971600815404 /* Project object */;
}
